{
  "name": "crochet_cuteness",
  "lockfileVersion": 3,
  "requires": true,
  "packages": {
    "": {
      "dependencies": {
        "@fontsource/poppins": "^5.1.0"
      }
    },
    "node_modules/@fontsource/poppins": {
      "version": "5.1.0",
      "resolved": "https://registry.npmjs.org/@fontsource/poppins/-/poppins-5.1.0.tgz",
      "integrity": "sha512-tpLXlnNi2fwQjiipvuj4uNFHCdoLA8izRsKdoexZuEzjx0r/g1aKLf4ta6lFgF7L+/+AFdmaXFlUwwvmDzYH+g==",
      "license": "OFL-1.1"
    }
  }
}
